// !$*UTF8*$!
{
	archiveVersion = 1;
	classes = {
	};
	objectVersion = 55;
	objects = {

/* Begin PBXBuildFile section */
		C160240F280E4C4A00D4D47E /* ContactListAldoAppApp.swift in Sources */ = {isa = PBXBuildFile; fileRef = C160240E280E4C4A00D4D47E /* ContactListAldoAppApp.swift */; };
		C1602411280E4C4A00D4D47E /* ContentView.swift in Sources */ = {isa = PBXBuildFile; fileRef = C1602410280E4C4A00D4D47E /* ContentView.swift */; };
		C1602413280E4C4C00D4D47E /* Assets.xcassets in Resources */ = {isa = PBXBuildFile; fileRef = C1602412280E4C4C00D4D47E /* Assets.xcassets */; };
		C1602416280E4C4C00D4D47E /* Preview Assets.xcassets in Resources */ = {isa = PBXBuildFile; fileRef = C1602415280E4C4C00D4D47E /* Preview Assets.xcassets */; };
		C160241D280E558100D4D47E /* DataManager.swift in Sources */ = {isa = PBXBuildFile; fileRef = C160241C280E558100D4D47E /* DataManager.swift */; };
		C160241F280E5AB400D4D47E /* Person.swift in Sources */ = {isa = PBXBuildFile; fileRef = C160241E280E5AB400D4D47E /* Person.swift */; };
		C1602421280E5DF300D4D47E /* ContactList.swift in Sources */ = {isa = PBXBuildFile; fileRef = C1602420280E5DF300D4D47E /* ContactList.swift */; };
		C1602425280E927700D4D47E /* RowView.swift in Sources */ = {isa = PBXBuildFile; fileRef = C1602424280E927700D4D47E /* RowView.swift */; };
		C1602427280E9F0100D4D47E /* DetailsContact.swift in Sources */ = {isa = PBXBuildFile; fileRef = C1602426280E9F0100D4D47E /* DetailsContact.swift */; };
		C1602429280F9F3000D4D47E /* Numbers.swift in Sources */ = {isa = PBXBuildFile; fileRef = C1602428280F9F3000D4D47E /* Numbers.swift */; };
		C160242B280FAA2100D4D47E /* IconTextRow.swift in Sources */ = {isa = PBXBuildFile; fileRef = C160242A280FAA2100D4D47E /* IconTextRow.swift */; };
/* End PBXBuildFile section */

/* Begin PBXFileReference section */
		C160240B280E4C4A00D4D47E /* ContactListAldoApp.app */ = {isa = PBXFileReference; explicitFileType = wrapper.application; includeInIndex = 0; path = ContactListAldoApp.app; sourceTree = BUILT_PRODUCTS_DIR; };
		C160240E280E4C4A00D4D47E /* ContactListAldoAppApp.swift */ = {isa = PBXFileReference; lastKnownFileType = sourcecode.swift; path = ContactListAldoAppApp.swift; sourceTree = "<group>"; };
		C1602410280E4C4A00D4D47E /* ContentView.swift */ = {isa = PBXFileReference; lastKnownFileType = sourcecode.swift; path = ContentView.swift; sourceTree = "<group>"; };
		C1602412280E4C4C00D4D47E /* Assets.xcassets */ = {isa = PBXFileReference; lastKnownFileType = folder.assetcatalog; path = Assets.xcassets; sourceTree = "<group>"; };
		C1602415280E4C4C00D4D47E /* Preview Assets.xcassets */ = {isa = PBXFileReference; lastKnownFileType = folder.assetcatalog; path = "Preview Assets.xcassets"; sourceTree = "<group>"; };
		C160241C280E558100D4D47E /* DataManager.swift */ = {isa = PBXFileReference; lastKnownFileType = sourcecode.swift; path = DataManager.swift; sourceTree = "<group>"; };
		C160241E280E5AB400D4D47E /* Person.swift */ = {isa = PBXFileReference; lastKnownFileType = sourcecode.swift; path = Person.swift; sourceTree = "<group>"; };
		C1602420280E5DF300D4D47E /* ContactList.swift */ = {isa = PBXFileReference; lastKnownFileType = sourcecode.swift; path = ContactList.swift; sourceTree = "<group>"; };
		C1602424280E927700D4D47E /* RowView.swift */ = {isa = PBXFileReference; lastKnownFileType = sourcecode.swift; path = RowView.swift; sourceTree = "<group>"; };
		C1602426280E9F0100D4D47E /* DetailsContact.swift */ = {isa = PBXFileReference; lastKnownFileType = sourcecode.swift; path = DetailsContact.swift; sourceTree = "<group>"; };
		C1602428280F9F3000D4D47E /* Numbers.swift */ = {isa = PBXFileReference; lastKnownFileType = sourcecode.swift; path = Numbers.swift; sourceTree = "<group>"; };
		C160242A280FAA2100D4D47E /* IconTextRow.swift */ = {isa = PBXFileReference; lastKnownFileType = sourcecode.swift; path = IconTextRow.swift; sourceTree = "<group>"; };
/* End PBXFileReference section */

/* Begin PBXFrameworksBuildPhase section */
		C1602408280E4C4A00D4D47E /* Frameworks */ = {
			isa = PBXFrameworksBuildPhase;
			buildActionMask = 2147483647;
			files = (
			);
			runOnlyForDeploymentPostprocessing = 0;
		};
/* End PBXFrameworksBuildPhase section */

/* Begin PBXGroup section */
		C1602402280E4C4A00D4D47E = {
			isa = PBXGroup;
			children = (
				C160240D280E4C4A00D4D47E /* ContactListAldoApp */,
				C160240C280E4C4A00D4D47E /* Products */,
			);
			sourceTree = "<group>";
		};
		C160240C280E4C4A00D4D47E /* Products */ = {
			isa = PBXGroup;
			children = (
				C160240B280E4C4A00D4D47E /* ContactListAldoApp.app */,
			);
			name = Products;
			sourceTree = "<group>";
		};
		C160240D280E4C4A00D4D47E /* ContactListAldoApp */ = {
			isa = PBXGroup;
			children = (
				C160240E280E4C4A00D4D47E /* ContactListAldoAppApp.swift */,
				C1602410280E4C4A00D4D47E /* ContentView.swift */,
				C1602428280F9F3000D4D47E /* Numbers.swift */,
				C1602426280E9F0100D4D47E /* DetailsContact.swift */,
				C160242A280FAA2100D4D47E /* IconTextRow.swift */,
				C1602420280E5DF300D4D47E /* ContactList.swift */,
				C1602424280E927700D4D47E /* RowView.swift */,
				C160241C280E558100D4D47E /* DataManager.swift */,
				C160241E280E5AB400D4D47E /* Person.swift */,
				C1602412280E4C4C00D4D47E /* Assets.xcassets */,
				C1602414280E4C4C00D4D47E /* Preview Content */,
			);
			path = ContactListAldoApp;
			sourceTree = "<group>";
		};
		C1602414280E4C4C00D4D47E /* Preview Content */ = {
			isa = PBXGroup;
			children = (
				C1602415280E4C4C00D4D47E /* Preview Assets.xcassets */,
			);
			path = "Preview Content";
			sourceTree = "<group>";
		};
/* End PBXGroup section */

/* Begin PBXNativeTarget section */
		C160240A280E4C4A00D4D47E /* ContactListAldoApp */ = {
			isa = PBXNativeTarget;
			buildConfigurationList = C1602419280E4C4C00D4D47E /* Build configuration list for PBXNativeTarget "ContactListAldoApp" */;
			buildPhases = (
				C1602407280E4C4A00D4D47E /* Sources */,
				C1602408280E4C4A00D4D47E /* Frameworks */,
				C1602409280E4C4A00D4D47E /* Resources */,
			);
			buildRules = (
			);
			dependencies = (
			);
			name = ContactListAldoApp;
			productName = ContactListAldoApp;
			productReference = C160240B280E4C4A00D4D47E /* ContactListAldoApp.app */;
			productType = "com.apple.product-type.application";
		};
/* End PBXNativeTarget section */

/* Begin PBXProject section */
		C1602403280E4C4A00D4D47E /* Project object */ = {
			isa = PBXProject;
			attributes = {
				BuildIndependentTargetsInParallel = 1;
				LastSwiftUpdateCheck = 1330;
				LastUpgradeCheck = 1330;
				TargetAttributes = {
					C160240A280E4C4A00D4D47E = {
						CreatedOnToolsVersion = 13.3;
					};
				};
			};
			buildConfigurationList = C1602406280E4C4A00D4D47E /* Build configuration list for PBXProject "ContactListAldoApp" */;
			compatibilityVersion = "Xcode 13.0";
			developmentRegion = en;
			hasScannedForEncodings = 0;
			knownRegions = (
				en,
				Base,
			);
			mainGroup = C1602402280E4C4A00D4D47E;
			productRefGroup = C160240C280E4C4A00D4D47E /* Products */;
			projectDirPath = "";
			projectRoot = "";
			targets = (
				C160240A280E4C4A00D4D47E /* ContactListAldoApp */,
			);
		};
/* End PBXProject section */

/* Begin PBXResourcesBuildPhase section */
		C1602409280E4C4A00D4D47E /* Resources */ = {
			isa = PBXResourcesBuildPhase;
			buildActionMask = 2147483647;
			files = (
				C1602416280E4C4C00D4D47E /* Preview Assets.xcassets in Resources */,
				C1602413280E4C4C00D4D47E /* Assets.xcassets in Resources */,
			);
			runOnlyForDeploymentPostprocessing = 0;
		};
/* End PBXResourcesBuildPhase section */

/* Begin PBXSourcesBuildPhase section */
		C1602407280E4C4A00D4D47E /* Sources */ = {
			isa = PBXSourcesBuildPhase;
			buildActionMask = 2147483647;
			files = (
				C1602427280E9F0100D4D47E /* DetailsContact.swift in Sources */,
				C1602411280E4C4A00D4D47E /* ContentView.swift in Sources */,
				C1602425280E927700D4D47E /* RowView.swift in Sources */,
				C160241D280E558100D4D47E /* DataManager.swift in Sources */,
				C160242B280FAA2100D4D47E /* IconTextRow.swift in Sources */,
				C1602429280F9F3000D4D47E /* Numbers.swift in Sources */,
				C160241F280E5AB400D4D47E /* Person.swift in Sources */,
				C160240F280E4C4A00D4D47E /* ContactListAldoAppApp.swift in Sources */,
				C1602421280E5DF300D4D47E /* ContactList.swift in Sources */,
			);
			runOnlyForDeploymentPostprocessing = 0;
		};
/* End PBXSourcesBuildPhase section */

/* Begin XCBuildConfiguration section */
		C1602417280E4C4C00D4D47E /* Debug */ = {
			isa = XCBuildConfiguration;
			buildSettings = {
				ALWAYS_SEARCH_USER_PATHS = NO;
				CLANG_ANALYZER_NONNULL = YES;
				CLANG_ANALYZER_NUMBER_OBJECT_CONVERSION = YES_AGGRESSIVE;
				CLANG_CXX_LANGUAGE_STANDARD = "gnu++17";
				CLANG_ENABLE_MODULES = YES;
				CLANG_ENABLE_OBJC_ARC = YES;
				CLANG_ENABLE_OBJC_WEAK = YES;
				CLANG_WARN_BLOCK_CAPTURE_AUTORELEASING = YES;
				CLANG_WARN_BOOL_CONVERSION = YES;
				CLANG_WARN_COMMA = YES;
				CLANG_WARN_CONSTANT_CONVERSION = YES;
				CLANG_WARN_DEPRECATED_OBJC_IMPLEMENTATIONS = YES;
				CLANG_WARN_DIRECT_OBJC_ISA_USAGE = YES_ERROR;
				CLANG_WARN_DOCUMENTATION_COMMENTS = YES;
				CLANG_WARN_EMPTY_BODY = YES;
				CLANG_WARN_ENUM_CONVERSION = YES;
				CLANG_WARN_INFINITE_RECURSION = YES;
				CLANG_WARN_INT_CONVERSION = YES;
				CLANG_WARN_NON_LITERAL_NULL_CONVERSION = YES;
				CLANG_WARN_OBJC_IMPLICIT_RETAIN_SELF = YES;
				CLANG_WARN_OBJC_LITERAL_CONVERSION = YES;
				CLANG_WARN_OBJC_ROOT_CLASS = YES_ERROR;
				CLANG_WARN_QUOTED_INCLUDE_IN_FRAMEWORK_HEADER = YES;
				CLANG_WARN_RANGE_LOOP_ANALYSIS = YES;
				CLANG_WARN_STRICT_PROTOTYPES = YES;
				CLANG_WARN_SUSPICIOUS_MOVE = YES;
				CLANG_WARN_UNGUARDED_AVAILABILITY = YES_AGGRESSIVE;
				CLANG_WARN_UNREACHABLE_CODE = YES;
				CLANG_WARN__DUPLICATE_METHOD_MATCH = YES;
				COPY_PHASE_STRIP = NO;
				DEBUG_INFORMATION_FORMAT = dwarf;
				ENABLE_STRICT_OBJC_MSGSEND = YES;
				ENABLE_TESTABILITY = YES;
				GCC_C_LANGUAGE_STANDARD = gnu11;
				GCC_DYNAMIC_NO_PIC = NO;
				GCC_NO_COMMON_BLOCKS = YES;
				GCC_OPTIMIZATION_LEVEL = 0;
				GCC_PREPROCESSOR_DEFINITIONS = (
					"DEBUG=1",
					"$(inherited)",
				);
				GCC_WARN_64_TO_32_BIT_CONVERSION = YES;
				GCC_WARN_ABOUT_RETURN_TYPE = YES_ERROR;
				GCC_WARN_UNDECLARED_SELECTOR = YES;
				GCC_WARN_UNINITIALIZED_AUTOS = YES_AGGRESSIVE;
				GCC_WARN_UNUSED_FUNCTION = YES;
				GCC_WARN_UNUSED_VARIABLE = YES;
				IPHONEOS_DEPLOYMENT_TARGET = 15.4;
				MTL_ENABLE_DEBUG_INFO = INCLUDE_SOURCE;
				MTL_FAST_MATH = YES;
				ONLY_ACTIVE_ARCH = YES;
				SDKROOT = iphoneos;
				SWIFT_ACTIVE_COMPILATION_CONDITIONS = DEBUG;
				SWIFT_OPTIMIZATION_LEVEL = "-Onone";
			};
			name = Debug;
		};
		C1602418280E4C4C00D4D47E /* Release */ = {
			isa = XCBuildConfiguration;
			buildSettings = {
				ALWAYS_SEARCH_USER_PATHS = NO;
				CLANG_ANALYZER_NONNULL = YES;
				CLANG_ANALYZER_NUMBER_OBJECT_CONVERSION = YES_AGGRESSIVE;
				CLANG_CXX_LANGUAGE_STANDARD = "gnu++17";
				CLANG_ENABLE_MODULES = YES;
				CLANG_ENABLE_OBJC_ARC = YES;
				CLANG_ENABLE_OBJC_WEAK = YES;
				CLANG_WARN_BLOCK_CAPTURE_AUTORELEASING = YES;
				CLANG_WARN_BOOL_CONVERSION = YES;
				CLANG_WARN_COMMA = YES;
				CLANG_WARN_CONSTANT_CONVERSION = YES;
				CLANG_WARN_DEPRECATED_OBJC_IMPLEMENTATIONS = YES;
				CLANG_WARN_DIRECT_OBJC_ISA_USAGE = YES_ERROR;
				CLANG_WARN_DOCUMENTATION_COMMENTS = YES;
				CLANG_WARN_EMPTY_BODY = YES;
				CLANG_WARN_ENUM_CONVERSION = YES;
				CLANG_WARN_INFINITE_RECURSION = YES;
				CLANG_WARN_INT_CONVERSION = YES;
				CLANG_WARN_NON_LITERAL_NULL_CONVERSION = YES;
				CLANG_WARN_OBJC_IMPLICIT_RETAIN_SELF = YES;
				CLANG_WARN_OBJC_LITERAL_CONVERSION = YES;
				CLANG_WARN_OBJC_ROOT_CLASS = YES_ERROR;
				CLANG_WARN_QUOTED_INCLUDE_IN_FRAMEWORK_HEADER = YES;
				CLANG_WARN_RANGE_LOOP_ANALYSIS = YES;
				CLANG_WARN_STRICT_PROTOTYPES = YES;
				CLANG_WARN_SUSPICIOUS_MOVE = YES;
				CLANG_WARN_UNGUARDED_AVAILABILITY = YES_AGGRESSIVE;
				CLANG_WARN_UNREACHABLE_CODE = YES;
				CLANG_WARN__DUPLICATE_METHOD_MATCH = YES;
				COPY_PHASE_STRIP = NO;
				DEBUG_INFORMATION_FORMAT = "dwarf-with-dsym";
				ENABLE_NS_ASSERTIONS = NO;
				ENABLE_STRICT_OBJC_MSGSEND = YES;
				GCC_C_LANGUAGE_STANDARD = gnu11;
				GCC_NO_COMMON_BLOCKS = YES;
				GCC_WARN_64_TO_32_BIT_CONVERSION = YES;
				GCC_WARN_ABOUT_RETURN_TYPE = YES_ERROR;
				GCC_WARN_UNDECLARED_SELECTOR = YES;
				GCC_WARN_UNINITIALIZED_AUTOS = YES_AGGRESSIVE;
				GCC_WARN_UNUSED_FUNCTION = YES;
				GCC_WARN_UNUSED_VARIABLE = YES;
				IPHONEOS_DEPLOYMENT_TARGET = 15.4;
				MTL_ENABLE_DEBUG_INFO = NO;
				MTL_FAST_MATH = YES;
				SDKROOT = iphoneos;
				SWIFT_COMPILATION_MODE = wholemodule;
				SWIFT_OPTIMIZATION_LEVEL = "-O";
				VALIDATE_PRODUCT = YES;
			};
			name = Release;
		};
		C160241A280E4C4C00D4D47E /* Debug */ = {
			isa = XCBuildConfiguration;
			buildSettings = {
				ASSETCATALOG_COMPILER_APPICON_NAME = AppIcon;
				ASSETCATALOG_COMPILER_GLOBAL_ACCENT_COLOR_NAME = AccentColor;
				CODE_SIGN_STYLE = Automatic;
				CURRENT_PROJECT_VERSION = 1;
				DEVELOPMENT_ASSET_PATHS = "\"ContactListAldoApp/Preview Content\"";
				DEVELOPMENT_TEAM = GJ8322288B;
				ENABLE_PREVIEWS = YES;
				GENERATE_INFOPLIST_FILE = YES;
				INFOPLIST_KEY_UIApplicationSceneManifest_Generation = YES;
				INFOPLIST_KEY_UIApplicationSupportsIndirectInputEvents = YES;
				INFOPLIST_KEY_UILaunchScreen_Generation = YES;
				INFOPLIST_KEY_UISupportedInterfaceOrientations_iPad = "UIInterfaceOrientationPortrait UIInterfaceOrientationPortraitUpsideDown UIInterfaceOrientationLandscapeLeft UIInterfaceOrientationLandscapeRight";
				INFOPLIST_KEY_UISupportedInterfaceOrientations_iPhone = "UIInterfaceOrientationPortrait UIInterfaceOrientationLandscapeLeft UIInterfaceOrientationLandscapeRight";
				LD_RUNPATH_SEARCH_PATHS = (
					"$(inherited)",
					"@executable_path/Frameworks",
				);
				MARKETING_VERSION = 1.0;
				PRODUCT_BUNDLE_IDENTIFIER = ru.swiftbook.ContactListAldoApp;
				PRODUCT_NAME = "$(TARGET_NAME)";
				SWIFT_EMIT_LOC_STRINGS = YES;
				SWIFT_VERSION = 5.0;
				TARGETED_DEVICE_FAMILY = "1,2";
			};
			name = Debug;
		};
		C160241B280E4C4C00D4D47E /* Release */ = {
			isa = XCBuildConfiguration;
			buildSettings = {
				ASSETCATALOG_COMPILER_APPICON_NAME = AppIcon;
				ASSETCATALOG_COMPILER_GLOBAL_ACCENT_COLOR_NAME = AccentColor;
				CODE_SIGN_STYLE = Automatic;
				CURRENT_PROJECT_VERSION = 1;
				DEVELOPMENT_ASSET_PATHS = "\"ContactListAldoApp/Preview Content\"";
				DEVELOPMENT_TEAM = GJ8322288B;
				ENABLE_PREVIEWS = YES;
				GENERATE_INFOPLIST_FILE = YES;
				INFOPLIST_KEY_UIApplicationSceneManifest_Generation = YES;
				INFOPLIST_KEY_UIApplicationSupportsIndirectInputEvents = YES;
				INFOPLIST_KEY_UILaunchScreen_Generation = YES;
				INFOPLIST_KEY_UISupportedInterfaceOrientations_iPad = "UIInterfaceOrientationPortrait UIInterfaceOrientationPortraitUpsideDown UIInterfaceOrientationLandscapeLeft UIInterfaceOrientationLandscapeRight";
				INFOPLIST_KEY_UISupportedInterfaceOrientations_iPhone = "UIInterfaceOrientationPortrait UIInterfaceOrientationLandscapeLeft UIInterfaceOrientationLandscapeRight";
				LD_RUNPATH_SEARCH_PATHS = (
					"$(inherited)",
					"@executable_path/Frameworks",
				);
				MARKETING_VERSION = 1.0;
				PRODUCT_BUNDLE_IDENTIFIER = ru.swiftbook.ContactListAldoApp;
				PRODUCT_NAME = "$(TARGET_NAME)";
				SWIFT_EMIT_LOC_STRINGS = YES;
				SWIFT_VERSION = 5.0;
				TARGETED_DEVICE_FAMILY = "1,2";
			};
			name = Release;
		};
/* End XCBuildConfiguration section */

/* Begin XCConfigurationList section */
		C1602406280E4C4A00D4D47E /* Build configuration list for PBXProject "ContactListAldoApp" */ = {
			isa = XCConfigurationList;
			buildConfigurations = (
				C1602417280E4C4C00D4D47E /* Debug */,
				C1602418280E4C4C00D4D47E /* Release */,
			);
			defaultConfigurationIsVisible = 0;
			defaultConfigurationName = Release;
		};
		C1602419280E4C4C00D4D47E /* Build configuration list for PBXNativeTarget "ContactListAldoApp" */ = {
			isa = XCConfigurationList;
			buildConfigurations = (
				C160241A280E4C4C00D4D47E /* Debug */,
				C160241B280E4C4C00D4D47E /* Release */,
			);
			defaultConfigurationIsVisible = 0;
			defaultConfigurationName = Release;
		};
/* End XCConfigurationList section */
	};
	rootObject = C1602403280E4C4A00D4D47E /* Project object */;
}
